PODS:
  - AliyunOSSiOS (2.10.8)
  - ATReadingBookSDK (2.1.5):
    - AliyunOSSiOS (~> 2.10.7)
    - JSONModel (~> 1.7.0)
    - lottie-ios (~> 2.5.0)
    - Objective-LevelDB (~> 2.1.5)
    - SDWebImage (~> 5.8.0)
    - SSZipArchive (~> 2.1.1)
    - YYText (~> 1.0.7)
  - JSONModel (1.7.0)
  - leveldb-library (1.18.3)
  - lottie-ios (2.5.2)
  - Objective-LevelDB (2.1.5):
    - leveldb-library (~> 1.18.2)
  - SDWebImage (5.8.0):
    - SDWebImage/Core (= 5.8.0)
  - SDWebImage/Core (5.8.0)
  - SSZipArchive (2.1.4)
  - YYText (1.0.7)

DEPENDENCIES:
  - ATReadingBookSDK (from `../`)

SPEC REPOS:
  https://github.com/CocoaPods/Specs.git:
    - JSONModel
    - leveldb-library
    - lottie-ios
    - Objective-LevelDB
    - SSZipArchive
    - YYText
  trunk:
    - AliyunOSSiOS
    - SDWebImage

EXTERNAL SOURCES:
  ATReadingBookSDK:
    :path: "../"

SPEC CHECKSUMS:
  AliyunOSSiOS: 8db92936545593b9e5c66d680ef2ac0738946651
  ATReadingBookSDK: 411315fff7501b8a431ca25565ccf4c2e8fbc691
  JSONModel: 840bc0fcffb24b8454d2c026bf26fea454b8e98d
  leveldb-library: 10fb39c39e243db4af1828441162405bbcec1404
  lottie-ios: 3fef45d3fabe63e3c7c2eb603dd64ddfffc73062
  Objective-LevelDB: fa075efd9d0be645aee51847cc3ee70cdadb80ce
  SDWebImage: 84000f962cbfa70c07f19d2234cbfcf5d779b5dc
  SSZipArchive: 41455d4b8d2b6ab93990820b50dc697c2554a322
  YYText: 5c461d709e24d55a182d1441c41dc639a18a4849

PODFILE CHECKSUM: 32d6248b57e5c654c327e4c506290aede0291c8a

COCOAPODS: 1.9.0
